{
  "version": 4,
  "terraform_version": "1.6.0",
  "serial": 2,
  "lineage": "d1b5481b-5885-c8c4-dd2d-c5416b282268",
  "outputs": {
    "arns": {
      "value": [
        "arn:aws:iam::959005780896:user/system/demo-user.0",
        "arn:aws:iam::959005780896:user/system/demo-user.1",
        "arn:aws:iam::959005780896:user/system/demo-user.2"
      ],
      "type": [
        "tuple",
        [
          "string",
          "string",
          "string"
        ]
      ]
    },
    "zipmap": {
      "value": {
        "demo-user.0": "arn:aws:iam::959005780896:user/system/demo-user.0",
        "demo-user.1": "arn:aws:iam::959005780896:user/system/demo-user.1",
        "demo-user.2": "arn:aws:iam::959005780896:user/system/demo-user.2"
      },
      "type": [
        "object",
        {
          "demo-user.0": "string",
          "demo-user.1": "string",
          "demo-user.2": "string"
        }
      ]
    }
  },
  "resources": [
    {
      "mode": "managed",
      "type": "aws_iam_user",
      "name": "lb",
      "provider": "provider[\"registry.terraform.io/hashicorp/aws\"]",
      "instances": [
        {
          "index_key": 0,
          "schema_version": 0,
          "attributes": {
            "arn": "arn:aws:iam::959005780896:user/system/demo-user.0",
            "force_destroy": false,
            "id": "demo-user.0",
            "name": "demo-user.0",
            "path": "/system/",
            "permissions_boundary": null,
            "tags": null,
            "tags_all": {},
            "unique_id": "AIDA56SJS5OQLLPDH4SMF"
          },
          "sensitive_attributes": [],
          "private": "bnVsbA=="
        },
        {
          "index_key": 1,
          "schema_version": 0,
          "attributes": {
            "arn": "arn:aws:iam::959005780896:user/system/demo-user.1",
            "force_destroy": false,
            "id": "demo-user.1",
            "name": "demo-user.1",
            "path": "/system/",
            "permissions_boundary": null,
            "tags": null,
            "tags_all": {},
            "unique_id": "AIDA56SJS5OQH3A7AP2AI"
          },
          "sensitive_attributes": [],
          "private": "bnVsbA=="
        },
        {
          "index_key": 2,
          "schema_version": 0,
          "attributes": {
            "arn": "arn:aws:iam::959005780896:user/system/demo-user.2",
            "force_destroy": false,
            "id": "demo-user.2",
            "name": "demo-user.2",
            "path": "/system/",
            "permissions_boundary": null,
            "tags": null,
            "tags_all": {},
            "unique_id": "AIDA56SJS5OQFSLGZHQ65"
          },
          "sensitive_attributes": [],
          "private": "bnVsbA=="
        }
      ]
    }
  ],
  "check_results": null
}
